
Microsoft Visual Studio Solution File, Format Version 12.00
# Visual Studio Version 17
VisualStudioVersion = 17.3.32929.385
MinimumVisualStudioVersion = 10.0.40219.1
Project("{FAE04EC0-301F-11D3-BF4B-00C04F79EFBC}") = "PracticeProj", "PracticeProj\PracticeProj.csproj", "{FD6B5011-5924-4D1B-9C61-4357B94A3061}"
EndProject
Project("{FAE04EC0-301F-11D3-BF4B-00C04F79EFBC}") = "BookUnitTestProj", "BookUnitTestProj\BookUnitTestProj.csproj", "{BAF41172-24C9-48DF-90D6-317248F39FD0}"
EndProject
Global
	GlobalSection(SolutionConfigurationPlatforms) = preSolution
		Debug|Any CPU = Debug|Any CPU
		Release|Any CPU = Release|Any CPU
	EndGlobalSection
	GlobalSection(ProjectConfigurationPlatforms) = postSolution
		{FD6B5011-5924-4D1B-9C61-4357B94A3061}.Debug|Any CPU.ActiveCfg = Debug|Any CPU
		{FD6B5011-5924-4D1B-9C61-4357B94A3061}.Debug|Any CPU.Build.0 = Debug|Any CPU
		{FD6B5011-5924-4D1B-9C61-4357B94A3061}.Release|Any CPU.ActiveCfg = Release|Any CPU
		{FD6B5011-5924-4D1B-9C61-4357B94A3061}.Release|Any CPU.Build.0 = Release|Any CPU
		{BAF41172-24C9-48DF-90D6-317248F39FD0}.Debug|Any CPU.ActiveCfg = Debug|Any CPU
		{BAF41172-24C9-48DF-90D6-317248F39FD0}.Debug|Any CPU.Build.0 = Debug|Any CPU
		{BAF41172-24C9-48DF-90D6-317248F39FD0}.Release|Any CPU.ActiveCfg = Release|Any CPU
		{BAF41172-24C9-48DF-90D6-317248F39FD0}.Release|Any CPU.Build.0 = Release|Any CPU
	EndGlobalSection
	GlobalSection(SolutionProperties) = preSolution
		HideSolutionNode = FALSE
	EndGlobalSection
	GlobalSection(ExtensibilityGlobals) = postSolution
		SolutionGuid = {9EA36CFE-A545-471A-ACC6-9862B1A72745}
	EndGlobalSection
EndGlobal
